// !$*UTF8*$!
{
	archiveVersion = 1;
	classes = {
	};
	objectVersion = 51;
	objects = {

/* Begin PBXBuildFile section */
		0FF8AB004013E38AC997C73A /* Pods_PhotoYouTests.framework in Frameworks */ = {isa = PBXBuildFile; fileRef = E6E12D05BA092EFF3CBBAA74 /* Pods_PhotoYouTests.framework */; };
		91140301707DF969D49E11B1 /* Pods_PhotoYou_PhotoYouUITests.framework in Frameworks */ = {isa = PBXBuildFile; fileRef = 5EA82ABD602E96A9E35E8AB5 /* Pods_PhotoYou_PhotoYouUITests.framework */; };
		96ABF1F9673160A917D60B80 /* Pods_PhotoYou.framework in Frameworks */ = {isa = PBXBuildFile; fileRef = CF9ACE55D9FEE98D76A32716 /* Pods_PhotoYou.framework */; };
		C8C6FE67262296FC00528D13 /* AppDelegate.swift in Sources */ = {isa = PBXBuildFile; fileRef = C8C6FE66262296FC00528D13 /* AppDelegate.swift */; };
		C8C6FE69262296FC00528D13 /* SceneDelegate.swift in Sources */ = {isa = PBXBuildFile; fileRef = C8C6FE68262296FC00528D13 /* SceneDelegate.swift */; };
		C8C6FE6E262296FC00528D13 /* Main.storyboard in Resources */ = {isa = PBXBuildFile; fileRef = C8C6FE6C262296FC00528D13 /* Main.storyboard */; };
		C8C6FE70262296FE00528D13 /* Assets.xcassets in Resources */ = {isa = PBXBuildFile; fileRef = C8C6FE6F262296FE00528D13 /* Assets.xcassets */; };
		C8C6FE73262296FE00528D13 /* LaunchScreen.storyboard in Resources */ = {isa = PBXBuildFile; fileRef = C8C6FE71262296FE00528D13 /* LaunchScreen.storyboard */; };
		C8C6FE7E262296FE00528D13 /* PhotoYouTests.swift in Sources */ = {isa = PBXBuildFile; fileRef = C8C6FE7D262296FE00528D13 /* PhotoYouTests.swift */; };
		C8C6FE89262296FE00528D13 /* PhotoYouUITests.swift in Sources */ = {isa = PBXBuildFile; fileRef = C8C6FE88262296FE00528D13 /* PhotoYouUITests.swift */; };
		C8CDEA222622A18900D12753 /* WelcomeViewController.swift in Sources */ = {isa = PBXBuildFile; fileRef = C8CDEA212622A18900D12753 /* WelcomeViewController.swift */; };
		C8CDEA232622A18900D12753 /* WelcomeViewController.swift in Sources */ = {isa = PBXBuildFile; fileRef = C8CDEA212622A18900D12753 /* WelcomeViewController.swift */; };
		C8CDEA242622A18900D12753 /* WelcomeViewController.swift in Sources */ = {isa = PBXBuildFile; fileRef = C8CDEA212622A18900D12753 /* WelcomeViewController.swift */; };
		C8FFC72D26229ADA00D3EE6D /* GoogleService-Info.plist in Resources */ = {isa = PBXBuildFile; fileRef = C8FFC72C26229ADA00D3EE6D /* GoogleService-Info.plist */; };
		C8FFC72E26229ADA00D3EE6D /* GoogleService-Info.plist in Resources */ = {isa = PBXBuildFile; fileRef = C8FFC72C26229ADA00D3EE6D /* GoogleService-Info.plist */; };
		C8FFC72F26229ADA00D3EE6D /* GoogleService-Info.plist in Resources */ = {isa = PBXBuildFile; fileRef = C8FFC72C26229ADA00D3EE6D /* GoogleService-Info.plist */; };
/* End PBXBuildFile section */

/* Begin PBXContainerItemProxy section */
		C8C6FE7A262296FE00528D13 /* PBXContainerItemProxy */ = {
			isa = PBXContainerItemProxy;
			containerPortal = C8C6FE5B262296FC00528D13 /* Project object */;
			proxyType = 1;
			remoteGlobalIDString = C8C6FE62262296FC00528D13;
			remoteInfo = PhotoYou;
		};
		C8C6FE85262296FE00528D13 /* PBXContainerItemProxy */ = {
			isa = PBXContainerItemProxy;
			containerPortal = C8C6FE5B262296FC00528D13 /* Project object */;
			proxyType = 1;
			remoteGlobalIDString = C8C6FE62262296FC00528D13;
			remoteInfo = PhotoYou;
		};
/* End PBXContainerItemProxy section */

/* Begin PBXFileReference section */
		1E6BEEBECB5E9F94CD5C8783 /* Pods-PhotoYou.release.xcconfig */ = {isa = PBXFileReference; includeInIndex = 1; lastKnownFileType = text.xcconfig; name = "Pods-PhotoYou.release.xcconfig"; path = "Target Support Files/Pods-PhotoYou/Pods-PhotoYou.release.xcconfig"; sourceTree = "<group>"; };
		5EA82ABD602E96A9E35E8AB5 /* Pods_PhotoYou_PhotoYouUITests.framework */ = {isa = PBXFileReference; explicitFileType = wrapper.framework; includeInIndex = 0; path = Pods_PhotoYou_PhotoYouUITests.framework; sourceTree = BUILT_PRODUCTS_DIR; };
		A6F94B1A57D0A4B37034657F /* Pods-PhotoYou-PhotoYouUITests.release.xcconfig */ = {isa = PBXFileReference; includeInIndex = 1; lastKnownFileType = text.xcconfig; name = "Pods-PhotoYou-PhotoYouUITests.release.xcconfig"; path = "Target Support Files/Pods-PhotoYou-PhotoYouUITests/Pods-PhotoYou-PhotoYouUITests.release.xcconfig"; sourceTree = "<group>"; };
		B09C7F8ACF7BFA0FAF67BD21 /* Pods-PhotoYou-PhotoYouUITests.debug.xcconfig */ = {isa = PBXFileReference; includeInIndex = 1; lastKnownFileType = text.xcconfig; name = "Pods-PhotoYou-PhotoYouUITests.debug.xcconfig"; path = "Target Support Files/Pods-PhotoYou-PhotoYouUITests/Pods-PhotoYou-PhotoYouUITests.debug.xcconfig"; sourceTree = "<group>"; };
		BD182C5F6101F0072DE487F9 /* Pods-PhotoYouTests.release.xcconfig */ = {isa = PBXFileReference; includeInIndex = 1; lastKnownFileType = text.xcconfig; name = "Pods-PhotoYouTests.release.xcconfig"; path = "Target Support Files/Pods-PhotoYouTests/Pods-PhotoYouTests.release.xcconfig"; sourceTree = "<group>"; };
		C8C6FE63262296FC00528D13 /* PhotoYou.app */ = {isa = PBXFileReference; explicitFileType = wrapper.application; includeInIndex = 0; path = PhotoYou.app; sourceTree = BUILT_PRODUCTS_DIR; };
		C8C6FE66262296FC00528D13 /* AppDelegate.swift */ = {isa = PBXFileReference; lastKnownFileType = sourcecode.swift; path = AppDelegate.swift; sourceTree = "<group>"; };
		C8C6FE68262296FC00528D13 /* SceneDelegate.swift */ = {isa = PBXFileReference; lastKnownFileType = sourcecode.swift; path = SceneDelegate.swift; sourceTree = "<group>"; };
		C8C6FE6D262296FC00528D13 /* Base */ = {isa = PBXFileReference; lastKnownFileType = file.storyboard; name = Base; path = Base.lproj/Main.storyboard; sourceTree = "<group>"; };
		C8C6FE6F262296FE00528D13 /* Assets.xcassets */ = {isa = PBXFileReference; lastKnownFileType = folder.assetcatalog; path = Assets.xcassets; sourceTree = "<group>"; };
		C8C6FE72262296FE00528D13 /* Base */ = {isa = PBXFileReference; lastKnownFileType = file.storyboard; name = Base; path = Base.lproj/LaunchScreen.storyboard; sourceTree = "<group>"; };
		C8C6FE74262296FE00528D13 /* Info.plist */ = {isa = PBXFileReference; lastKnownFileType = text.plist.xml; path = Info.plist; sourceTree = "<group>"; };
		C8C6FE79262296FE00528D13 /* PhotoYouTests.xctest */ = {isa = PBXFileReference; explicitFileType = wrapper.cfbundle; includeInIndex = 0; path = PhotoYouTests.xctest; sourceTree = BUILT_PRODUCTS_DIR; };
		C8C6FE7D262296FE00528D13 /* PhotoYouTests.swift */ = {isa = PBXFileReference; lastKnownFileType = sourcecode.swift; path = PhotoYouTests.swift; sourceTree = "<group>"; };
		C8C6FE7F262296FE00528D13 /* Info.plist */ = {isa = PBXFileReference; lastKnownFileType = text.plist.xml; path = Info.plist; sourceTree = "<group>"; };
		C8C6FE84262296FE00528D13 /* PhotoYouUITests.xctest */ = {isa = PBXFileReference; explicitFileType = wrapper.cfbundle; includeInIndex = 0; path = PhotoYouUITests.xctest; sourceTree = BUILT_PRODUCTS_DIR; };
		C8C6FE88262296FE00528D13 /* PhotoYouUITests.swift */ = {isa = PBXFileReference; lastKnownFileType = sourcecode.swift; path = PhotoYouUITests.swift; sourceTree = "<group>"; };
		C8C6FE8A262296FE00528D13 /* Info.plist */ = {isa = PBXFileReference; lastKnownFileType = text.plist.xml; path = Info.plist; sourceTree = "<group>"; };
		C8CDEA212622A18900D12753 /* WelcomeViewController.swift */ = {isa = PBXFileReference; lastKnownFileType = sourcecode.swift; path = WelcomeViewController.swift; sourceTree = "<group>"; };
		C8FFC72C26229ADA00D3EE6D /* GoogleService-Info.plist */ = {isa = PBXFileReference; lastKnownFileType = text.plist; name = "GoogleService-Info.plist"; path = "PhotoYou/GoogleService-Info.plist"; sourceTree = SOURCE_ROOT; };
		CF9ACE55D9FEE98D76A32716 /* Pods_PhotoYou.framework */ = {isa = PBXFileReference; explicitFileType = wrapper.framework; includeInIndex = 0; path = Pods_PhotoYou.framework; sourceTree = BUILT_PRODUCTS_DIR; };
		D1750B67B9D2E2467D5EFBF7 /* Pods-PhotoYou.debug.xcconfig */ = {isa = PBXFileReference; includeInIndex = 1; lastKnownFileType = text.xcconfig; name = "Pods-PhotoYou.debug.xcconfig"; path = "Target Support Files/Pods-PhotoYou/Pods-PhotoYou.debug.xcconfig"; sourceTree = "<group>"; };
		DA8C06C8B03B4106619E19B9 /* Pods-PhotoYouTests.debug.xcconfig */ = {isa = PBXFileReference; includeInIndex = 1; lastKnownFileType = text.xcconfig; name = "Pods-PhotoYouTests.debug.xcconfig"; path = "Target Support Files/Pods-PhotoYouTests/Pods-PhotoYouTests.debug.xcconfig"; sourceTree = "<group>"; };
		E6E12D05BA092EFF3CBBAA74 /* Pods_PhotoYouTests.framework */ = {isa = PBXFileReference; explicitFileType = wrapper.framework; includeInIndex = 0; path = Pods_PhotoYouTests.framework; sourceTree = BUILT_PRODUCTS_DIR; };
/* End PBXFileReference section */

/* Begin PBXFrameworksBuildPhase section */
		C8C6FE60262296FC00528D13 /* Frameworks */ = {
			isa = PBXFrameworksBuildPhase;
			buildActionMask = 2147483647;
			files = (
				96ABF1F9673160A917D60B80 /* Pods_PhotoYou.framework in Frameworks */,
			);
			runOnlyForDeploymentPostprocessing = 0;
		};
		C8C6FE76262296FE00528D13 /* Frameworks */ = {
			isa = PBXFrameworksBuildPhase;
			buildActionMask = 2147483647;
			files = (
				0FF8AB004013E38AC997C73A /* Pods_PhotoYouTests.framework in Frameworks */,
			);
			runOnlyForDeploymentPostprocessing = 0;
		};
		C8C6FE81262296FE00528D13 /* Frameworks */ = {
			isa = PBXFrameworksBuildPhase;
			buildActionMask = 2147483647;
			files = (
				91140301707DF969D49E11B1 /* Pods_PhotoYou_PhotoYouUITests.framework in Frameworks */,
			);
			runOnlyForDeploymentPostprocessing = 0;
		};
/* End PBXFrameworksBuildPhase section */

/* Begin PBXGroup section */
		05D053384D0217310E201757 /* Pods */ = {
			isa = PBXGroup;
			children = (
				D1750B67B9D2E2467D5EFBF7 /* Pods-PhotoYou.debug.xcconfig */,
				1E6BEEBECB5E9F94CD5C8783 /* Pods-PhotoYou.release.xcconfig */,
				B09C7F8ACF7BFA0FAF67BD21 /* Pods-PhotoYou-PhotoYouUITests.debug.xcconfig */,
				A6F94B1A57D0A4B37034657F /* Pods-PhotoYou-PhotoYouUITests.release.xcconfig */,
				DA8C06C8B03B4106619E19B9 /* Pods-PhotoYouTests.debug.xcconfig */,
				BD182C5F6101F0072DE487F9 /* Pods-PhotoYouTests.release.xcconfig */,
			);
			path = Pods;
			sourceTree = "<group>";
		};
		C76478784211C7B37F867795 /* Frameworks */ = {
			isa = PBXGroup;
			children = (
				CF9ACE55D9FEE98D76A32716 /* Pods_PhotoYou.framework */,
				5EA82ABD602E96A9E35E8AB5 /* Pods_PhotoYou_PhotoYouUITests.framework */,
				E6E12D05BA092EFF3CBBAA74 /* Pods_PhotoYouTests.framework */,
			);
			name = Frameworks;
			sourceTree = "<group>";
		};
		C8C6FE5A262296FC00528D13 = {
			isa = PBXGroup;
			children = (
				C8C6FE65262296FC00528D13 /* PhotoYou */,
				C8C6FE7C262296FE00528D13 /* PhotoYouTests */,
				C8C6FE87262296FE00528D13 /* PhotoYouUITests */,
				C8C6FE64262296FC00528D13 /* Products */,
				05D053384D0217310E201757 /* Pods */,
				C76478784211C7B37F867795 /* Frameworks */,
			);
			sourceTree = "<group>";
		};
		C8C6FE64262296FC00528D13 /* Products */ = {
			isa = PBXGroup;
			children = (
				C8C6FE63262296FC00528D13 /* PhotoYou.app */,
				C8C6FE79262296FE00528D13 /* PhotoYouTests.xctest */,
				C8C6FE84262296FE00528D13 /* PhotoYouUITests.xctest */,
			);
			name = Products;
			sourceTree = "<group>";
		};
		C8C6FE65262296FC00528D13 /* PhotoYou */ = {
			isa = PBXGroup;
			children = (
				C8FFC72B26229A7200D3EE6D /* General */,
				C8FFC72526229A5000D3EE6D /* Presentation */,
				C8FFC72426229A4600D3EE6D /* Assets */,
			);
			path = PhotoYou;
			sourceTree = "<group>";
		};
		C8C6FE7C262296FE00528D13 /* PhotoYouTests */ = {
			isa = PBXGroup;
			children = (
				C8C6FE7D262296FE00528D13 /* PhotoYouTests.swift */,
				C8C6FE7F262296FE00528D13 /* Info.plist */,
			);
			path = PhotoYouTests;
			sourceTree = "<group>";
		};
		C8C6FE87262296FE00528D13 /* PhotoYouUITests */ = {
			isa = PBXGroup;
			children = (
				C8C6FE88262296FE00528D13 /* PhotoYouUITests.swift */,
				C8C6FE8A262296FE00528D13 /* Info.plist */,
			);
			path = PhotoYouUITests;
			sourceTree = "<group>";
		};
		C8CDEA202622A16A00D12753 /* InitialViews */ = {
			isa = PBXGroup;
			children = (
				C8CDEA212622A18900D12753 /* WelcomeViewController.swift */,
			);
			path = InitialViews;
			sourceTree = "<group>";
		};
		C8FFC72426229A4600D3EE6D /* Assets */ = {
			isa = PBXGroup;
			children = (
				C8FFC72C26229ADA00D3EE6D /* GoogleService-Info.plist */,
				C8C6FE6F262296FE00528D13 /* Assets.xcassets */,
			);
			path = Assets;
			sourceTree = "<group>";
		};
		C8FFC72526229A5000D3EE6D /* Presentation */ = {
			isa = PBXGroup;
			children = (
				C8CDEA202622A16A00D12753 /* InitialViews */,
				C8C6FE71262296FE00528D13 /* LaunchScreen.storyboard */,
				C8C6FE6C262296FC00528D13 /* Main.storyboard */,
			);
			path = Presentation;
			sourceTree = "<group>";
		};
		C8FFC72B26229A7200D3EE6D /* General */ = {
			isa = PBXGroup;
			children = (
				C8C6FE74262296FE00528D13 /* Info.plist */,
				C8C6FE66262296FC00528D13 /* AppDelegate.swift */,
				C8C6FE68262296FC00528D13 /* SceneDelegate.swift */,
			);
			path = General;
			sourceTree = "<group>";
		};
/* End PBXGroup section */

/* Begin PBXNativeTarget section */
		C8C6FE62262296FC00528D13 /* PhotoYou */ = {
			isa = PBXNativeTarget;
			buildConfigurationList = C8C6FE8D262296FE00528D13 /* Build configuration list for PBXNativeTarget "PhotoYou" */;
			buildPhases = (
				36AF17591269988B5738307E /* [CP] Check Pods Manifest.lock */,
				C8C6FE5F262296FC00528D13 /* Sources */,
				C8C6FE60262296FC00528D13 /* Frameworks */,
				C8C6FE61262296FC00528D13 /* Resources */,
				8818AA046ECC87F4D84401DE /* [CP] Embed Pods Frameworks */,
				1B5A6104B4E52C4AF6137B46 /* [CP] Copy Pods Resources */,
			);
			buildRules = (
			);
			dependencies = (
			);
			name = PhotoYou;
			productName = PhotoYou;
			productReference = C8C6FE63262296FC00528D13 /* PhotoYou.app */;
			productType = "com.apple.product-type.application";
		};
		C8C6FE78262296FE00528D13 /* PhotoYouTests */ = {
			isa = PBXNativeTarget;
			buildConfigurationList = C8C6FE90262296FE00528D13 /* Build configuration list for PBXNativeTarget "PhotoYouTests" */;
			buildPhases = (
				DFA1612A4AAE83C173B03914 /* [CP] Check Pods Manifest.lock */,
				C8C6FE75262296FE00528D13 /* Sources */,
				C8C6FE76262296FE00528D13 /* Frameworks */,
				C8C6FE77262296FE00528D13 /* Resources */,
			);
			buildRules = (
			);
			dependencies = (
				C8C6FE7B262296FE00528D13 /* PBXTargetDependency */,
			);
			name = PhotoYouTests;
			productName = PhotoYouTests;
			productReference = C8C6FE79262296FE00528D13 /* PhotoYouTests.xctest */;
			productType = "com.apple.product-type.bundle.unit-test";
		};
		C8C6FE83262296FE00528D13 /* PhotoYouUITests */ = {
			isa = PBXNativeTarget;
			buildConfigurationList = C8C6FE93262296FE00528D13 /* Build configuration list for PBXNativeTarget "PhotoYouUITests" */;
			buildPhases = (
				0C70F03BDD1EA11C88EBD4C3 /* [CP] Check Pods Manifest.lock */,
				C8C6FE80262296FE00528D13 /* Sources */,
				C8C6FE81262296FE00528D13 /* Frameworks */,
				C8C6FE82262296FE00528D13 /* Resources */,
				462AE432FC96459BC21435D6 /* [CP] Embed Pods Frameworks */,
				52147132E4DE597B1132177F /* [CP] Copy Pods Resources */,
			);
			buildRules = (
			);
			dependencies = (
				C8C6FE86262296FE00528D13 /* PBXTargetDependency */,
			);
			name = PhotoYouUITests;
			productName = PhotoYouUITests;
			productReference = C8C6FE84262296FE00528D13 /* PhotoYouUITests.xctest */;
			productType = "com.apple.product-type.bundle.ui-testing";
		};
/* End PBXNativeTarget section */

/* Begin PBXProject section */
		C8C6FE5B262296FC00528D13 /* Project object */ = {
			isa = PBXProject;
			attributes = {
				LastSwiftUpdateCheck = 1240;
				LastUpgradeCheck = 1240;
				TargetAttributes = {
					C8C6FE62262296FC00528D13 = {
						CreatedOnToolsVersion = 12.4;
					};
					C8C6FE78262296FE00528D13 = {
						CreatedOnToolsVersion = 12.4;
						TestTargetID = C8C6FE62262296FC00528D13;
					};
					C8C6FE83262296FE00528D13 = {
						CreatedOnToolsVersion = 12.4;
						TestTargetID = C8C6FE62262296FC00528D13;
					};
				};
			};
			buildConfigurationList = C8C6FE5E262296FC00528D13 /* Build configuration list for PBXProject "PhotoYou" */;
			compatibilityVersion = "Xcode 9.3";
			developmentRegion = en;
			hasScannedForEncodings = 0;
			knownRegions = (
				en,
				Base,
			);
			mainGroup = C8C6FE5A262296FC00528D13;
			productRefGroup = C8C6FE64262296FC00528D13 /* Products */;
			projectDirPath = "";
			projectRoot = "";
			targets = (
				C8C6FE62262296FC00528D13 /* PhotoYou */,
				C8C6FE78262296FE00528D13 /* PhotoYouTests */,
				C8C6FE83262296FE00528D13 /* PhotoYouUITests */,
			);
		};
/* End PBXProject section */

/* Begin PBXResourcesBuildPhase section */
		C8C6FE61262296FC00528D13 /* Resources */ = {
			isa = PBXResourcesBuildPhase;
			buildActionMask = 2147483647;
			files = (
				C8C6FE73262296FE00528D13 /* LaunchScreen.storyboard in Resources */,
				C8FFC72D26229ADA00D3EE6D /* GoogleService-Info.plist in Resources */,
				C8C6FE70262296FE00528D13 /* Assets.xcassets in Resources */,
				C8C6FE6E262296FC00528D13 /* Main.storyboard in Resources */,
			);
			runOnlyForDeploymentPostprocessing = 0;
		};
		C8C6FE77262296FE00528D13 /* Resources */ = {
			isa = PBXResourcesBuildPhase;
			buildActionMask = 2147483647;
			files = (
				C8FFC72E26229ADA00D3EE6D /* GoogleService-Info.plist in Resources */,
			);
			runOnlyForDeploymentPostprocessing = 0;
		};
		C8C6FE82262296FE00528D13 /* Resources */ = {
			isa = PBXResourcesBuildPhase;
			buildActionMask = 2147483647;
			files = (
				C8FFC72F26229ADA00D3EE6D /* GoogleService-Info.plist in Resources */,
			);
			runOnlyForDeploymentPostprocessing = 0;
		};
/* End PBXResourcesBuildPhase section */

/* Begin PBXShellScriptBuildPhase section */
		0C70F03BDD1EA11C88EBD4C3 /* [CP] Check Pods Manifest.lock */ = {
			isa = PBXShellScriptBuildPhase;
			buildActionMask = 2147483647;
			files = (
			);
			inputFileListPaths = (
			);
			inputPaths = (
				"${PODS_PODFILE_DIR_PATH}/Podfile.lock",
				"${PODS_ROOT}/Manifest.lock",
			);
			name = "[CP] Check Pods Manifest.lock";
			outputFileListPaths = (
			);
			outputPaths = (
				"$(DERIVED_FILE_DIR)/Pods-PhotoYou-PhotoYouUITests-checkManifestLockResult.txt",
			);
			runOnlyForDeploymentPostprocessing = 0;
			shellPath = /bin/sh;
			shellScript = "diff \"${PODS_PODFILE_DIR_PATH}/Podfile.lock\" \"${PODS_ROOT}/Manifest.lock\" > /dev/null\nif [ $? != 0 ] ; then\n    # print error to STDERR\n    echo \"error: The sandbox is not in sync with the Podfile.lock. Run 'pod install' or update your CocoaPods installation.\" >&2\n    exit 1\nfi\n# This output is used by Xcode 'outputs' to avoid re-running this script phase.\necho \"SUCCESS\" > \"${SCRIPT_OUTPUT_FILE_0}\"\n";
			showEnvVarsInLog = 0;
		};
		1B5A6104B4E52C4AF6137B46 /* [CP] Copy Pods Resources */ = {
			isa = PBXShellScriptBuildPhase;
			buildActionMask = 2147483647;
			files = (
			);
			inputFileListPaths = (
				"${PODS_ROOT}/Target Support Files/Pods-PhotoYou/Pods-PhotoYou-resources-${CONFIGURATION}-input-files.xcfilelist",
			);
			name = "[CP] Copy Pods Resources";
			outputFileListPaths = (
				"${PODS_ROOT}/Target Support Files/Pods-PhotoYou/Pods-PhotoYou-resources-${CONFIGURATION}-output-files.xcfilelist",
			);
			runOnlyForDeploymentPostprocessing = 0;
			shellPath = /bin/sh;
			shellScript = "\"${PODS_ROOT}/Target Support Files/Pods-PhotoYou/Pods-PhotoYou-resources.sh\"\n";
			showEnvVarsInLog = 0;
		};
		36AF17591269988B5738307E /* [CP] Check Pods Manifest.lock */ = {
			isa = PBXShellScriptBuildPhase;
			buildActionMask = 2147483647;
			files = (
			);
			inputFileListPaths = (
			);
			inputPaths = (
				"${PODS_PODFILE_DIR_PATH}/Podfile.lock",
				"${PODS_ROOT}/Manifest.lock",
			);
			name = "[CP] Check Pods Manifest.lock";
			outputFileListPaths = (
			);
			outputPaths = (
				"$(DERIVED_FILE_DIR)/Pods-PhotoYou-checkManifestLockResult.txt",
			);
			runOnlyForDeploymentPostprocessing = 0;
			shellPath = /bin/sh;
			shellScript = "diff \"${PODS_PODFILE_DIR_PATH}/Podfile.lock\" \"${PODS_ROOT}/Manifest.lock\" > /dev/null\nif [ $? != 0 ] ; then\n    # print error to STDERR\n    echo \"error: The sandbox is not in sync with the Podfile.lock. Run 'pod install' or update your CocoaPods installation.\" >&2\n    exit 1\nfi\n# This output is used by Xcode 'outputs' to avoid re-running this script phase.\necho \"SUCCESS\" > \"${SCRIPT_OUTPUT_FILE_0}\"\n";
			showEnvVarsInLog = 0;
		};
		462AE432FC96459BC21435D6 /* [CP] Embed Pods Frameworks */ = {
			isa = PBXShellScriptBuildPhase;
			buildActionMask = 2147483647;
			files = (
			);
			inputFileListPaths = (
				"${PODS_ROOT}/Target Support Files/Pods-PhotoYou-PhotoYouUITests/Pods-PhotoYou-PhotoYouUITests-frameworks-${CONFIGURATION}-input-files.xcfilelist",
			);
			name = "[CP] Embed Pods Frameworks";
			outputFileListPaths = (
				"${PODS_ROOT}/Target Support Files/Pods-PhotoYou-PhotoYouUITests/Pods-PhotoYou-PhotoYouUITests-frameworks-${CONFIGURATION}-output-files.xcfilelist",
			);
			runOnlyForDeploymentPostprocessing = 0;
			shellPath = /bin/sh;
			shellScript = "\"${PODS_ROOT}/Target Support Files/Pods-PhotoYou-PhotoYouUITests/Pods-PhotoYou-PhotoYouUITests-frameworks.sh\"\n";
			showEnvVarsInLog = 0;
		};
		52147132E4DE597B1132177F /* [CP] Copy Pods Resources */ = {
			isa = PBXShellScriptBuildPhase;
			buildActionMask = 2147483647;
			files = (
			);
			inputFileListPaths = (
				"${PODS_ROOT}/Target Support Files/Pods-PhotoYou-PhotoYouUITests/Pods-PhotoYou-PhotoYouUITests-resources-${CONFIGURATION}-input-files.xcfilelist",
			);
			name = "[CP] Copy Pods Resources";
			outputFileListPaths = (
				"${PODS_ROOT}/Target Support Files/Pods-PhotoYou-PhotoYouUITests/Pods-PhotoYou-PhotoYouUITests-resources-${CONFIGURATION}-output-files.xcfilelist",
			);
			runOnlyForDeploymentPostprocessing = 0;
			shellPath = /bin/sh;
			shellScript = "\"${PODS_ROOT}/Target Support Files/Pods-PhotoYou-PhotoYouUITests/Pods-PhotoYou-PhotoYouUITests-resources.sh\"\n";
			showEnvVarsInLog = 0;
		};
		8818AA046ECC87F4D84401DE /* [CP] Embed Pods Frameworks */ = {
			isa = PBXShellScriptBuildPhase;
			buildActionMask = 2147483647;
			files = (
			);
			inputFileListPaths = (
				"${PODS_ROOT}/Target Support Files/Pods-PhotoYou/Pods-PhotoYou-frameworks-${CONFIGURATION}-input-files.xcfilelist",
			);
			name = "[CP] Embed Pods Frameworks";
			outputFileListPaths = (
				"${PODS_ROOT}/Target Support Files/Pods-PhotoYou/Pods-PhotoYou-frameworks-${CONFIGURATION}-output-files.xcfilelist",
			);
			runOnlyForDeploymentPostprocessing = 0;
			shellPath = /bin/sh;
			shellScript = "\"${PODS_ROOT}/Target Support Files/Pods-PhotoYou/Pods-PhotoYou-frameworks.sh\"\n";
			showEnvVarsInLog = 0;
		};
		DFA1612A4AAE83C173B03914 /* [CP] Check Pods Manifest.lock */ = {
			isa = PBXShellScriptBuildPhase;
			buildActionMask = 2147483647;
			files = (
			);
			inputFileListPaths = (
			);
			inputPaths = (
				"${PODS_PODFILE_DIR_PATH}/Podfile.lock",
				"${PODS_ROOT}/Manifest.lock",
			);
			name = "[CP] Check Pods Manifest.lock";
			outputFileListPaths = (
			);
			outputPaths = (
				"$(DERIVED_FILE_DIR)/Pods-PhotoYouTests-checkManifestLockResult.txt",
			);
			runOnlyForDeploymentPostprocessing = 0;
			shellPath = /bin/sh;
			shellScript = "diff \"${PODS_PODFILE_DIR_PATH}/Podfile.lock\" \"${PODS_ROOT}/Manifest.lock\" > /dev/null\nif [ $? != 0 ] ; then\n    # print error to STDERR\n    echo \"error: The sandbox is not in sync with the Podfile.lock. Run 'pod install' or update your CocoaPods installation.\" >&2\n    exit 1\nfi\n# This output is used by Xcode 'outputs' to avoid re-running this script phase.\necho \"SUCCESS\" > \"${SCRIPT_OUTPUT_FILE_0}\"\n";
			showEnvVarsInLog = 0;
		};
/* End PBXShellScriptBuildPhase section */

/* Begin PBXSourcesBuildPhase section */
		C8C6FE5F262296FC00528D13 /* Sources */ = {
			isa = PBXSourcesBuildPhase;
			buildActionMask = 2147483647;
			files = (
				C8CDEA222622A18900D12753 /* WelcomeViewController.swift in Sources */,
				C8C6FE67262296FC00528D13 /* AppDelegate.swift in Sources */,
				C8C6FE69262296FC00528D13 /* SceneDelegate.swift in Sources */,
			);
			runOnlyForDeploymentPostprocessing = 0;
		};
		C8C6FE75262296FE00528D13 /* Sources */ = {
			isa = PBXSourcesBuildPhase;
			buildActionMask = 2147483647;
			files = (
				C8C6FE7E262296FE00528D13 /* PhotoYouTests.swift in Sources */,
				C8CDEA232622A18900D12753 /* WelcomeViewController.swift in Sources */,
			);
			runOnlyForDeploymentPostprocessing = 0;
		};
		C8C6FE80262296FE00528D13 /* Sources */ = {
			isa = PBXSourcesBuildPhase;
			buildActionMask = 2147483647;
			files = (
				C8C6FE89262296FE00528D13 /* PhotoYouUITests.swift in Sources */,
				C8CDEA242622A18900D12753 /* WelcomeViewController.swift in Sources */,
			);
			runOnlyForDeploymentPostprocessing = 0;
		};
/* End PBXSourcesBuildPhase section */

/* Begin PBXTargetDependency section */
		C8C6FE7B262296FE00528D13 /* PBXTargetDependency */ = {
			isa = PBXTargetDependency;
			target = C8C6FE62262296FC00528D13 /* PhotoYou */;
			targetProxy = C8C6FE7A262296FE00528D13 /* PBXContainerItemProxy */;
		};
		C8C6FE86262296FE00528D13 /* PBXTargetDependency */ = {
			isa = PBXTargetDependency;
			target = C8C6FE62262296FC00528D13 /* PhotoYou */;
			targetProxy = C8C6FE85262296FE00528D13 /* PBXContainerItemProxy */;
		};
/* End PBXTargetDependency section */

/* Begin PBXVariantGroup section */
		C8C6FE6C262296FC00528D13 /* Main.storyboard */ = {
			isa = PBXVariantGroup;
			children = (
				C8C6FE6D262296FC00528D13 /* Base */,
			);
			name = Main.storyboard;
			sourceTree = "<group>";
		};
		C8C6FE71262296FE00528D13 /* LaunchScreen.storyboard */ = {
			isa = PBXVariantGroup;
			children = (
				C8C6FE72262296FE00528D13 /* Base */,
			);
			name = LaunchScreen.storyboard;
			sourceTree = "<group>";
		};
/* End PBXVariantGroup section */

/* Begin XCBuildConfiguration section */
		C8C6FE8B262296FE00528D13 /* Debug */ = {
			isa = XCBuildConfiguration;
			buildSettings = {
				ALWAYS_SEARCH_USER_PATHS = NO;
				CLANG_ANALYZER_NONNULL = YES;
				CLANG_ANALYZER_NUMBER_OBJECT_CONVERSION = YES_AGGRESSIVE;
				CLANG_CXX_LANGUAGE_STANDARD = "gnu++14";
				CLANG_CXX_LIBRARY = "libc++";
				CLANG_ENABLE_MODULES = YES;
				CLANG_ENABLE_OBJC_ARC = YES;
				CLANG_ENABLE_OBJC_WEAK = YES;
				CLANG_WARN_BLOCK_CAPTURE_AUTORELEASING = YES;
				CLANG_WARN_BOOL_CONVERSION = YES;
				CLANG_WARN_COMMA = YES;
				CLANG_WARN_CONSTANT_CONVERSION = YES;
				CLANG_WARN_DEPRECATED_OBJC_IMPLEMENTATIONS = YES;
				CLANG_WARN_DIRECT_OBJC_ISA_USAGE = YES_ERROR;
				CLANG_WARN_DOCUMENTATION_COMMENTS = YES;
				CLANG_WARN_EMPTY_BODY = YES;
				CLANG_WARN_ENUM_CONVERSION = YES;
				CLANG_WARN_INFINITE_RECURSION = YES;
				CLANG_WARN_INT_CONVERSION = YES;
				CLANG_WARN_NON_LITERAL_NULL_CONVERSION = YES;
				CLANG_WARN_OBJC_IMPLICIT_RETAIN_SELF = YES;
				CLANG_WARN_OBJC_LITERAL_CONVERSION = YES;
				CLANG_WARN_OBJC_ROOT_CLASS = YES_ERROR;
				CLANG_WARN_QUOTED_INCLUDE_IN_FRAMEWORK_HEADER = YES;
				CLANG_WARN_RANGE_LOOP_ANALYSIS = YES;
				CLANG_WARN_STRICT_PROTOTYPES = YES;
				CLANG_WARN_SUSPICIOUS_MOVE = YES;
				CLANG_WARN_UNGUARDED_AVAILABILITY = YES_AGGRESSIVE;
				CLANG_WARN_UNREACHABLE_CODE = YES;
				CLANG_WARN__DUPLICATE_METHOD_MATCH = YES;
				COPY_PHASE_STRIP = NO;
				DEBUG_INFORMATION_FORMAT = dwarf;
				ENABLE_STRICT_OBJC_MSGSEND = YES;
				ENABLE_TESTABILITY = YES;
				GCC_C_LANGUAGE_STANDARD = gnu11;
				GCC_DYNAMIC_NO_PIC = NO;
				GCC_NO_COMMON_BLOCKS = YES;
				GCC_OPTIMIZATION_LEVEL = 0;
				GCC_PREPROCESSOR_DEFINITIONS = (
					"DEBUG=1",
					"$(inherited)",
				);
				GCC_WARN_64_TO_32_BIT_CONVERSION = YES;
				GCC_WARN_ABOUT_RETURN_TYPE = YES_ERROR;
				GCC_WARN_UNDECLARED_SELECTOR = YES;
				GCC_WARN_UNINITIALIZED_AUTOS = YES_AGGRESSIVE;
				GCC_WARN_UNUSED_FUNCTION = YES;
				GCC_WARN_UNUSED_VARIABLE = YES;
				IPHONEOS_DEPLOYMENT_TARGET = 14.4;
				MTL_ENABLE_DEBUG_INFO = INCLUDE_SOURCE;
				MTL_FAST_MATH = YES;
				ONLY_ACTIVE_ARCH = YES;
				SDKROOT = iphoneos;
				SWIFT_ACTIVE_COMPILATION_CONDITIONS = DEBUG;
				SWIFT_OPTIMIZATION_LEVEL = "-Onone";
			};
			name = Debug;
		};
		C8C6FE8C262296FE00528D13 /* Release */ = {
			isa = XCBuildConfiguration;
			buildSettings = {
				ALWAYS_SEARCH_USER_PATHS = NO;
				CLANG_ANALYZER_NONNULL = YES;
				CLANG_ANALYZER_NUMBER_OBJECT_CONVERSION = YES_AGGRESSIVE;
				CLANG_CXX_LANGUAGE_STANDARD = "gnu++14";
				CLANG_CXX_LIBRARY = "libc++";
				CLANG_ENABLE_MODULES = YES;
				CLANG_ENABLE_OBJC_ARC = YES;
				CLANG_ENABLE_OBJC_WEAK = YES;
				CLANG_WARN_BLOCK_CAPTURE_AUTORELEASING = YES;
				CLANG_WARN_BOOL_CONVERSION = YES;
				CLANG_WARN_COMMA = YES;
				CLANG_WARN_CONSTANT_CONVERSION = YES;
				CLANG_WARN_DEPRECATED_OBJC_IMPLEMENTATIONS = YES;
				CLANG_WARN_DIRECT_OBJC_ISA_USAGE = YES_ERROR;
				CLANG_WARN_DOCUMENTATION_COMMENTS = YES;
				CLANG_WARN_EMPTY_BODY = YES;
				CLANG_WARN_ENUM_CONVERSION = YES;
				CLANG_WARN_INFINITE_RECURSION = YES;
				CLANG_WARN_INT_CONVERSION = YES;
				CLANG_WARN_NON_LITERAL_NULL_CONVERSION = YES;
				CLANG_WARN_OBJC_IMPLICIT_RETAIN_SELF = YES;
				CLANG_WARN_OBJC_LITERAL_CONVERSION = YES;
				CLANG_WARN_OBJC_ROOT_CLASS = YES_ERROR;
				CLANG_WARN_QUOTED_INCLUDE_IN_FRAMEWORK_HEADER = YES;
				CLANG_WARN_RANGE_LOOP_ANALYSIS = YES;
				CLANG_WARN_STRICT_PROTOTYPES = YES;
				CLANG_WARN_SUSPICIOUS_MOVE = YES;
				CLANG_WARN_UNGUARDED_AVAILABILITY = YES_AGGRESSIVE;
				CLANG_WARN_UNREACHABLE_CODE = YES;
				CLANG_WARN__DUPLICATE_METHOD_MATCH = YES;
				COPY_PHASE_STRIP = NO;
				DEBUG_INFORMATION_FORMAT = "dwarf-with-dsym";
				ENABLE_NS_ASSERTIONS = NO;
				ENABLE_STRICT_OBJC_MSGSEND = YES;
				GCC_C_LANGUAGE_STANDARD = gnu11;
				GCC_NO_COMMON_BLOCKS = YES;
				GCC_WARN_64_TO_32_BIT_CONVERSION = YES;
				GCC_WARN_ABOUT_RETURN_TYPE = YES_ERROR;
				GCC_WARN_UNDECLARED_SELECTOR = YES;
				GCC_WARN_UNINITIALIZED_AUTOS = YES_AGGRESSIVE;
				GCC_WARN_UNUSED_FUNCTION = YES;
				GCC_WARN_UNUSED_VARIABLE = YES;
				IPHONEOS_DEPLOYMENT_TARGET = 14.4;
				MTL_ENABLE_DEBUG_INFO = NO;
				MTL_FAST_MATH = YES;
				SDKROOT = iphoneos;
				SWIFT_COMPILATION_MODE = wholemodule;
				SWIFT_OPTIMIZATION_LEVEL = "-O";
				VALIDATE_PRODUCT = YES;
			};
			name = Release;
		};
		C8C6FE8E262296FE00528D13 /* Debug */ = {
			isa = XCBuildConfiguration;
			baseConfigurationReference = D1750B67B9D2E2467D5EFBF7 /* Pods-PhotoYou.debug.xcconfig */;
			buildSettings = {
				ASSETCATALOG_COMPILER_APPICON_NAME = AppIcon;
				ASSETCATALOG_COMPILER_GLOBAL_ACCENT_COLOR_NAME = AccentColor;
				CODE_SIGN_STYLE = Automatic;
				DEVELOPMENT_TEAM = 72L4J2M8UA;
				INFOPLIST_FILE = PhotoYou/General/Info.plist;
				LD_RUNPATH_SEARCH_PATHS = (
					"$(inherited)",
					"@executable_path/Frameworks",
				);
				PRODUCT_BUNDLE_IDENTIFIER = com.luisIVinas.PhotoYou;
				PRODUCT_NAME = "$(TARGET_NAME)";
				SWIFT_VERSION = 5.0;
				TARGETED_DEVICE_FAMILY = "1,2";
			};
			name = Debug;
		};
		C8C6FE8F262296FE00528D13 /* Release */ = {
			isa = XCBuildConfiguration;
			baseConfigurationReference = 1E6BEEBECB5E9F94CD5C8783 /* Pods-PhotoYou.release.xcconfig */;
			buildSettings = {
				ASSETCATALOG_COMPILER_APPICON_NAME = AppIcon;
				ASSETCATALOG_COMPILER_GLOBAL_ACCENT_COLOR_NAME = AccentColor;
				CODE_SIGN_STYLE = Automatic;
				DEVELOPMENT_TEAM = 72L4J2M8UA;
				INFOPLIST_FILE = PhotoYou/General/Info.plist;
				LD_RUNPATH_SEARCH_PATHS = (
					"$(inherited)",
					"@executable_path/Frameworks",
				);
				PRODUCT_BUNDLE_IDENTIFIER = com.luisIVinas.PhotoYou;
				PRODUCT_NAME = "$(TARGET_NAME)";
				SWIFT_VERSION = 5.0;
				TARGETED_DEVICE_FAMILY = "1,2";
			};
			name = Release;
		};
		C8C6FE91262296FE00528D13 /* Debug */ = {
			isa = XCBuildConfiguration;
			baseConfigurationReference = DA8C06C8B03B4106619E19B9 /* Pods-PhotoYouTests.debug.xcconfig */;
			buildSettings = {
				ALWAYS_EMBED_SWIFT_STANDARD_LIBRARIES = YES;
				BUNDLE_LOADER = "$(TEST_HOST)";
				CODE_SIGN_STYLE = Automatic;
				DEVELOPMENT_TEAM = 72L4J2M8UA;
				INFOPLIST_FILE = PhotoYouTests/Info.plist;
				IPHONEOS_DEPLOYMENT_TARGET = 14.4;
				LD_RUNPATH_SEARCH_PATHS = (
					"$(inherited)",
					"@executable_path/Frameworks",
					"@loader_path/Frameworks",
				);
				PRODUCT_BUNDLE_IDENTIFIER = com.luisIVinas.PhotoYouTests;
				PRODUCT_NAME = "$(TARGET_NAME)";
				SWIFT_VERSION = 5.0;
				TARGETED_DEVICE_FAMILY = "1,2";
				TEST_HOST = "$(BUILT_PRODUCTS_DIR)/PhotoYou.app/PhotoYou";
			};
			name = Debug;
		};
		C8C6FE92262296FE00528D13 /* Release */ = {
			isa = XCBuildConfiguration;
			baseConfigurationReference = BD182C5F6101F0072DE487F9 /* Pods-PhotoYouTests.release.xcconfig */;
			buildSettings = {
				ALWAYS_EMBED_SWIFT_STANDARD_LIBRARIES = YES;
				BUNDLE_LOADER = "$(TEST_HOST)";
				CODE_SIGN_STYLE = Automatic;
				DEVELOPMENT_TEAM = 72L4J2M8UA;
				INFOPLIST_FILE = PhotoYouTests/Info.plist;
				IPHONEOS_DEPLOYMENT_TARGET = 14.4;
				LD_RUNPATH_SEARCH_PATHS = (
					"$(inherited)",
					"@executable_path/Frameworks",
					"@loader_path/Frameworks",
				);
				PRODUCT_BUNDLE_IDENTIFIER = com.luisIVinas.PhotoYouTests;
				PRODUCT_NAME = "$(TARGET_NAME)";
				SWIFT_VERSION = 5.0;
				TARGETED_DEVICE_FAMILY = "1,2";
				TEST_HOST = "$(BUILT_PRODUCTS_DIR)/PhotoYou.app/PhotoYou";
			};
			name = Release;
		};
		C8C6FE94262296FE00528D13 /* Debug */ = {
			isa = XCBuildConfiguration;
			baseConfigurationReference = B09C7F8ACF7BFA0FAF67BD21 /* Pods-PhotoYou-PhotoYouUITests.debug.xcconfig */;
			buildSettings = {
				ALWAYS_EMBED_SWIFT_STANDARD_LIBRARIES = YES;
				CODE_SIGN_STYLE = Automatic;
				DEVELOPMENT_TEAM = 72L4J2M8UA;
				INFOPLIST_FILE = PhotoYouUITests/Info.plist;
				LD_RUNPATH_SEARCH_PATHS = (
					"$(inherited)",
					"@executable_path/Frameworks",
					"@loader_path/Frameworks",
				);
				PRODUCT_BUNDLE_IDENTIFIER = com.luisIVinas.PhotoYouUITests;
				PRODUCT_NAME = "$(TARGET_NAME)";
				SWIFT_VERSION = 5.0;
				TARGETED_DEVICE_FAMILY = "1,2";
				TEST_TARGET_NAME = PhotoYou;
			};
			name = Debug;
		};
		C8C6FE95262296FE00528D13 /* Release */ = {
			isa = XCBuildConfiguration;
			baseConfigurationReference = A6F94B1A57D0A4B37034657F /* Pods-PhotoYou-PhotoYouUITests.release.xcconfig */;
			buildSettings = {
				ALWAYS_EMBED_SWIFT_STANDARD_LIBRARIES = YES;
				CODE_SIGN_STYLE = Automatic;
				DEVELOPMENT_TEAM = 72L4J2M8UA;
				INFOPLIST_FILE = PhotoYouUITests/Info.plist;
				LD_RUNPATH_SEARCH_PATHS = (
					"$(inherited)",
					"@executable_path/Frameworks",
					"@loader_path/Frameworks",
				);
				PRODUCT_BUNDLE_IDENTIFIER = com.luisIVinas.PhotoYouUITests;
				PRODUCT_NAME = "$(TARGET_NAME)";
				SWIFT_VERSION = 5.0;
				TARGETED_DEVICE_FAMILY = "1,2";
				TEST_TARGET_NAME = PhotoYou;
			};
			name = Release;
		};
/* End XCBuildConfiguration section */

/* Begin XCConfigurationList section */
		C8C6FE5E262296FC00528D13 /* Build configuration list for PBXProject "PhotoYou" */ = {
			isa = XCConfigurationList;
			buildConfigurations = (
				C8C6FE8B262296FE00528D13 /* Debug */,
				C8C6FE8C262296FE00528D13 /* Release */,
			);
			defaultConfigurationIsVisible = 0;
			defaultConfigurationName = Release;
		};
		C8C6FE8D262296FE00528D13 /* Build configuration list for PBXNativeTarget "PhotoYou" */ = {
			isa = XCConfigurationList;
			buildConfigurations = (
				C8C6FE8E262296FE00528D13 /* Debug */,
				C8C6FE8F262296FE00528D13 /* Release */,
			);
			defaultConfigurationIsVisible = 0;
			defaultConfigurationName = Release;
		};
		C8C6FE90262296FE00528D13 /* Build configuration list for PBXNativeTarget "PhotoYouTests" */ = {
			isa = XCConfigurationList;
			buildConfigurations = (
				C8C6FE91262296FE00528D13 /* Debug */,
				C8C6FE92262296FE00528D13 /* Release */,
			);
			defaultConfigurationIsVisible = 0;
			defaultConfigurationName = Release;
		};
		C8C6FE93262296FE00528D13 /* Build configuration list for PBXNativeTarget "PhotoYouUITests" */ = {
			isa = XCConfigurationList;
			buildConfigurations = (
				C8C6FE94262296FE00528D13 /* Debug */,
				C8C6FE95262296FE00528D13 /* Release */,
			);
			defaultConfigurationIsVisible = 0;
			defaultConfigurationName = Release;
		};
/* End XCConfigurationList section */
	};
	rootObject = C8C6FE5B262296FC00528D13 /* Project object */;
}
